
Microsoft Visual Studio Solution File, Format Version 11.00
# Visual Studio 2010
Project("{FAE04EC0-301F-11D3-BF4B-00C04F79EFBC}") = "Moth.Core", "Core\Moth.Core.csproj", "{E5A02C68-8745-4C93-BA1E-DB1F9CE5C123}"
EndProject
Project("{FAE04EC0-301F-11D3-BF4B-00C04F79EFBC}") = "Externals.CSSParser", "Externals\BoneSoft.CSS\Externals.CSSParser.csproj", "{26881075-3F64-4825-A6B5-EAA0D5419D20}"
EndProject
Project("{FAE04EC0-301F-11D3-BF4B-00C04F79EFBC}") = "Mvc3.Demo", "Mvc3.Demo\Mvc3.Demo.csproj", "{4A0A5CF4-DD62-4424-B1A9-2B1D32A7AA25}"
EndProject
Global
	GlobalSection(SolutionConfigurationPlatforms) = preSolution
		Debug|Any CPU = Debug|Any CPU
		Release|Any CPU = Release|Any CPU
	EndGlobalSection
	GlobalSection(ProjectConfigurationPlatforms) = postSolution
		{E5A02C68-8745-4C93-BA1E-DB1F9CE5C123}.Debug|Any CPU.ActiveCfg = Debug|Any CPU
		{E5A02C68-8745-4C93-BA1E-DB1F9CE5C123}.Debug|Any CPU.Build.0 = Debug|Any CPU
		{E5A02C68-8745-4C93-BA1E-DB1F9CE5C123}.Release|Any CPU.ActiveCfg = Release|Any CPU
		{E5A02C68-8745-4C93-BA1E-DB1F9CE5C123}.Release|Any CPU.Build.0 = Release|Any CPU
		{26881075-3F64-4825-A6B5-EAA0D5419D20}.Debug|Any CPU.ActiveCfg = Debug|Any CPU
		{26881075-3F64-4825-A6B5-EAA0D5419D20}.Debug|Any CPU.Build.0 = Debug|Any CPU
		{26881075-3F64-4825-A6B5-EAA0D5419D20}.Release|Any CPU.ActiveCfg = Release|Any CPU
		{26881075-3F64-4825-A6B5-EAA0D5419D20}.Release|Any CPU.Build.0 = Release|Any CPU
		{4A0A5CF4-DD62-4424-B1A9-2B1D32A7AA25}.Debug|Any CPU.ActiveCfg = Debug|Any CPU
		{4A0A5CF4-DD62-4424-B1A9-2B1D32A7AA25}.Debug|Any CPU.Build.0 = Debug|Any CPU
		{4A0A5CF4-DD62-4424-B1A9-2B1D32A7AA25}.Release|Any CPU.ActiveCfg = Release|Any CPU
		{4A0A5CF4-DD62-4424-B1A9-2B1D32A7AA25}.Release|Any CPU.Build.0 = Release|Any CPU
	EndGlobalSection
	GlobalSection(SolutionProperties) = preSolution
		HideSolutionNode = FALSE
	EndGlobalSection
EndGlobal
